
Microsoft Visual Studio Solution File, Format Version 12.00
# Visual Studio Version 17
VisualStudioVersion = 17.13.35919.96 d17.13
MinimumVisualStudioVersion = 10.0.40219.1
Project("{FAE04EC0-301F-11D3-BF4B-00C04F79EFBC}") = "EdwinSaaNotesD", "EdwinSaaNotesD\EdwinSaaNotesD.csproj", "{005FB8D2-51F3-4681-B3B2-A1F5FAA175AA}"
EndProject
Global
	GlobalSection(SolutionConfigurationPlatforms) = preSolution
		Debug|Any CPU = Debug|Any CPU
		Release|Any CPU = Release|Any CPU
	EndGlobalSection
	GlobalSection(ProjectConfigurationPlatforms) = postSolution
		{005FB8D2-51F3-4681-B3B2-A1F5FAA175AA}.Debug|Any CPU.ActiveCfg = Debug|Any CPU
		{005FB8D2-51F3-4681-B3B2-A1F5FAA175AA}.Debug|Any CPU.Build.0 = Debug|Any CPU
		{005FB8D2-51F3-4681-B3B2-A1F5FAA175AA}.Release|Any CPU.ActiveCfg = Release|Any CPU
		{005FB8D2-51F3-4681-B3B2-A1F5FAA175AA}.Release|Any CPU.Build.0 = Release|Any CPU
	EndGlobalSection
	GlobalSection(SolutionProperties) = preSolution
		HideSolutionNode = FALSE
	EndGlobalSection
	GlobalSection(ExtensibilityGlobals) = postSolution
		SolutionGuid = {123BBFC4-6E69-49F0-A071-1F1B7209742E}
	EndGlobalSection
EndGlobal
